<?xml version="1.0" encoding="UTF-8"?>
<CodeBlocks_project_file>
	<FileVersion major="1" minor="6"/>
	<Project>
		<Option title="Gauntlet"/>
		<Option makefile_is_custom="1"/>
		<Option compiler="gcc"/>
		<Option virtualFolders="CMake Files\;CMake Files\..\;CMake Files\..\..\;CMake Files\..\..\..\;CMake Files\..\..\..\..\;CMake Files\..\..\..\..\..\;CMake Files\..\..\..\..\..\usr\;CMake Files\..\..\..\..\..\usr\local\;CMake Files\..\..\..\..\..\usr\local\lib\;CMake Files\..\..\..\..\..\usr\local\lib\OGRE\;CMake Files\..\..\..\..\..\usr\local\lib\OGRE\cmake\;"/>
		<Build>
			<Target title="all">
				<Option working_dir="/home/baudet_q/rendu/CPP/cpp_indie_studio"/>
				<Option type="4"/>
				<MakeCommands>
					<Build command="/usr/bin/make -j4 -f &quot;/home/baudet_q/rendu/CPP/cpp_indie_studio/Makefile&quot;  VERBOSE=1 all"/>
					<CompileFile command="/usr/bin/make -j4 -f &quot;/home/baudet_q/rendu/CPP/cpp_indie_studio/Makefile&quot;  VERBOSE=1 &quot;$file&quot;"/>
					<Clean command="/usr/bin/make -j4 -f &quot;/home/baudet_q/rendu/CPP/cpp_indie_studio/Makefile&quot;  VERBOSE=1 clean"/>
					<DistClean command="/usr/bin/make -j4 -f &quot;/home/baudet_q/rendu/CPP/cpp_indie_studio/Makefile&quot;  VERBOSE=1 clean"/>
				</MakeCommands>
			</Target>
			<Target title="install/strip">
				<Option working_dir="/home/baudet_q/rendu/CPP/cpp_indie_studio"/>
				<Option type="4"/>
				<MakeCommands>
					<Build command="/usr/bin/make -j4 -f &quot;/home/baudet_q/rendu/CPP/cpp_indie_studio/Makefile&quot;  VERBOSE=1 install/strip"/>
					<CompileFile command="/usr/bin/make -j4 -f &quot;/home/baudet_q/rendu/CPP/cpp_indie_studio/Makefile&quot;  VERBOSE=1 &quot;$file&quot;"/>
					<Clean command="/usr/bin/make -j4 -f &quot;/home/baudet_q/rendu/CPP/cpp_indie_studio/Makefile&quot;  VERBOSE=1 clean"/>
					<DistClean command="/usr/bin/make -j4 -f &quot;/home/baudet_q/rendu/CPP/cpp_indie_studio/Makefile&quot;  VERBOSE=1 clean"/>
				</MakeCommands>
			</Target>
			<Target title="edit_cache">
				<Option working_dir="/home/baudet_q/rendu/CPP/cpp_indie_studio"/>
				<Option type="4"/>
				<MakeCommands>
					<Build command="/usr/bin/make -j4 -f &quot;/home/baudet_q/rendu/CPP/cpp_indie_studio/Makefile&quot;  VERBOSE=1 edit_cache"/>
					<CompileFile command="/usr/bin/make -j4 -f &quot;/home/baudet_q/rendu/CPP/cpp_indie_studio/Makefile&quot;  VERBOSE=1 &quot;$file&quot;"/>
					<Clean command="/usr/bin/make -j4 -f &quot;/home/baudet_q/rendu/CPP/cpp_indie_studio/Makefile&quot;  VERBOSE=1 clean"/>
					<DistClean command="/usr/bin/make -j4 -f &quot;/home/baudet_q/rendu/CPP/cpp_indie_studio/Makefile&quot;  VERBOSE=1 clean"/>
				</MakeCommands>
			</Target>
			<Target title="Gauntlet">
				<Option output="/home/baudet_q/rendu/CPP/cpp_indie_studio/dist/bin/Gauntlet_d" prefix_auto="0" extension_auto="0"/>
				<Option working_dir="/home/baudet_q/rendu/CPP/cpp_indie_studio/dist/bin"/>
				<Option object_output="./"/>
				<Option type="0"/>
				<Option compiler="gcc"/>
				<Compiler>
					<Add option="-DBOOST_ALL_NO_LIB"/>
					<Add directory="/home/baudet_q/rendu/CPP/cpp_indie_studio/./include"/>
					<Add directory="/usr/include/OIS"/>
					<Add directory="/usr/local/include/OGRE"/>
					<Add directory="/usr/local/include"/>
					<Add directory="/usr/local/share/OGRE/samples/Common/include"/>
					<Add directory="/usr/local/include/OGRE/Overlay"/>
					<Add directory="/usr/lib/gcc/x86_64-pc-linux-gnu/7.1.1/../../../../include/c++/7.1.1"/>
					<Add directory="/usr/lib/gcc/x86_64-pc-linux-gnu/7.1.1/../../../../include/c++/7.1.1/x86_64-pc-linux-gnu"/>
					<Add directory="/usr/lib/gcc/x86_64-pc-linux-gnu/7.1.1/../../../../include/c++/7.1.1/backward"/>
					<Add directory="/usr/lib/gcc/x86_64-pc-linux-gnu/7.1.1/include"/>
					<Add directory="/usr/lib/gcc/x86_64-pc-linux-gnu/7.1.1/include-fixed"/>
					<Add directory="/usr/include"/>
				</Compiler>
				<MakeCommands>
					<Build command="/usr/bin/make -j4 -f &quot;/home/baudet_q/rendu/CPP/cpp_indie_studio/Makefile&quot;  VERBOSE=1 Gauntlet"/>
					<CompileFile command="/usr/bin/make -j4 -f &quot;/home/baudet_q/rendu/CPP/cpp_indie_studio/Makefile&quot;  VERBOSE=1 &quot;$file&quot;"/>
					<Clean command="/usr/bin/make -j4 -f &quot;/home/baudet_q/rendu/CPP/cpp_indie_studio/Makefile&quot;  VERBOSE=1 clean"/>
					<DistClean command="/usr/bin/make -j4 -f &quot;/home/baudet_q/rendu/CPP/cpp_indie_studio/Makefile&quot;  VERBOSE=1 clean"/>
				</MakeCommands>
			</Target>
			<Target title="Gauntlet/fast">
				<Option output="/home/baudet_q/rendu/CPP/cpp_indie_studio/dist/bin/Gauntlet_d" prefix_auto="0" extension_auto="0"/>
				<Option working_dir="/home/baudet_q/rendu/CPP/cpp_indie_studio/dist/bin"/>
				<Option object_output="./"/>
				<Option type="0"/>
				<Option compiler="gcc"/>
				<Compiler>
					<Add option="-DBOOST_ALL_NO_LIB"/>
					<Add directory="/home/baudet_q/rendu/CPP/cpp_indie_studio/./include"/>
					<Add directory="/usr/include/OIS"/>
					<Add directory="/usr/local/include/OGRE"/>
					<Add directory="/usr/local/include"/>
					<Add directory="/usr/local/share/OGRE/samples/Common/include"/>
					<Add directory="/usr/local/include/OGRE/Overlay"/>
					<Add directory="/usr/lib/gcc/x86_64-pc-linux-gnu/7.1.1/../../../../include/c++/7.1.1"/>
					<Add directory="/usr/lib/gcc/x86_64-pc-linux-gnu/7.1.1/../../../../include/c++/7.1.1/x86_64-pc-linux-gnu"/>
					<Add directory="/usr/lib/gcc/x86_64-pc-linux-gnu/7.1.1/../../../../include/c++/7.1.1/backward"/>
					<Add directory="/usr/lib/gcc/x86_64-pc-linux-gnu/7.1.1/include"/>
					<Add directory="/usr/lib/gcc/x86_64-pc-linux-gnu/7.1.1/include-fixed"/>
					<Add directory="/usr/include"/>
				</Compiler>
				<MakeCommands>
					<Build command="/usr/bin/make -j4 -f &quot;/home/baudet_q/rendu/CPP/cpp_indie_studio/Makefile&quot;  VERBOSE=1 Gauntlet/fast"/>
					<CompileFile command="/usr/bin/make -j4 -f &quot;/home/baudet_q/rendu/CPP/cpp_indie_studio/Makefile&quot;  VERBOSE=1 &quot;$file&quot;"/>
					<Clean command="/usr/bin/make -j4 -f &quot;/home/baudet_q/rendu/CPP/cpp_indie_studio/Makefile&quot;  VERBOSE=1 clean"/>
					<DistClean command="/usr/bin/make -j4 -f &quot;/home/baudet_q/rendu/CPP/cpp_indie_studio/Makefile&quot;  VERBOSE=1 clean"/>
				</MakeCommands>
			</Target>
			<Target title="rebuild_cache">
				<Option working_dir="/home/baudet_q/rendu/CPP/cpp_indie_studio"/>
				<Option type="4"/>
				<MakeCommands>
					<Build command="/usr/bin/make -j4 -f &quot;/home/baudet_q/rendu/CPP/cpp_indie_studio/Makefile&quot;  VERBOSE=1 rebuild_cache"/>
					<CompileFile command="/usr/bin/make -j4 -f &quot;/home/baudet_q/rendu/CPP/cpp_indie_studio/Makefile&quot;  VERBOSE=1 &quot;$file&quot;"/>
					<Clean command="/usr/bin/make -j4 -f &quot;/home/baudet_q/rendu/CPP/cpp_indie_studio/Makefile&quot;  VERBOSE=1 clean"/>
					<DistClean command="/usr/bin/make -j4 -f &quot;/home/baudet_q/rendu/CPP/cpp_indie_studio/Makefile&quot;  VERBOSE=1 clean"/>
				</MakeCommands>
			</Target>
			<Target title="list_install_components">
				<Option working_dir="/home/baudet_q/rendu/CPP/cpp_indie_studio"/>
				<Option type="4"/>
				<MakeCommands>
					<Build command="/usr/bin/make -j4 -f &quot;/home/baudet_q/rendu/CPP/cpp_indie_studio/Makefile&quot;  VERBOSE=1 list_install_components"/>
					<CompileFile command="/usr/bin/make -j4 -f &quot;/home/baudet_q/rendu/CPP/cpp_indie_studio/Makefile&quot;  VERBOSE=1 &quot;$file&quot;"/>
					<Clean command="/usr/bin/make -j4 -f &quot;/home/baudet_q/rendu/CPP/cpp_indie_studio/Makefile&quot;  VERBOSE=1 clean"/>
					<DistClean command="/usr/bin/make -j4 -f &quot;/home/baudet_q/rendu/CPP/cpp_indie_studio/Makefile&quot;  VERBOSE=1 clean"/>
				</MakeCommands>
			</Target>
			<Target title="install/local">
				<Option working_dir="/home/baudet_q/rendu/CPP/cpp_indie_studio"/>
				<Option type="4"/>
				<MakeCommands>
					<Build command="/usr/bin/make -j4 -f &quot;/home/baudet_q/rendu/CPP/cpp_indie_studio/Makefile&quot;  VERBOSE=1 install/local"/>
					<CompileFile command="/usr/bin/make -j4 -f &quot;/home/baudet_q/rendu/CPP/cpp_indie_studio/Makefile&quot;  VERBOSE=1 &quot;$file&quot;"/>
					<Clean command="/usr/bin/make -j4 -f &quot;/home/baudet_q/rendu/CPP/cpp_indie_studio/Makefile&quot;  VERBOSE=1 clean"/>
					<DistClean command="/usr/bin/make -j4 -f &quot;/home/baudet_q/rendu/CPP/cpp_indie_studio/Makefile&quot;  VERBOSE=1 clean"/>
				</MakeCommands>
			</Target>
			<Target title="install">
				<Option working_dir="/home/baudet_q/rendu/CPP/cpp_indie_studio"/>
				<Option type="4"/>
				<MakeCommands>
					<Build command="/usr/bin/make -j4 -f &quot;/home/baudet_q/rendu/CPP/cpp_indie_studio/Makefile&quot;  VERBOSE=1 install"/>
					<CompileFile command="/usr/bin/make -j4 -f &quot;/home/baudet_q/rendu/CPP/cpp_indie_studio/Makefile&quot;  VERBOSE=1 &quot;$file&quot;"/>
					<Clean command="/usr/bin/make -j4 -f &quot;/home/baudet_q/rendu/CPP/cpp_indie_studio/Makefile&quot;  VERBOSE=1 clean"/>
					<DistClean command="/usr/bin/make -j4 -f &quot;/home/baudet_q/rendu/CPP/cpp_indie_studio/Makefile&quot;  VERBOSE=1 clean"/>
				</MakeCommands>
			</Target>
		</Build>
		<Unit filename="/home/baudet_q/rendu/CPP/cpp_indie_studio/include/Animation.hpp">
			<Option target="Gauntlet"/>
		</Unit>
		<Unit filename="/home/baudet_q/rendu/CPP/cpp_indie_studio/include/Audio/IAudio.hpp">
			<Option target="Gauntlet"/>
		</Unit>
		<Unit filename="/home/baudet_q/rendu/CPP/cpp_indie_studio/include/Audio/Music.hpp">
			<Option target="Gauntlet"/>
		</Unit>
		<Unit filename="/home/baudet_q/rendu/CPP/cpp_indie_studio/include/Audio/SoundSystem.hpp">
			<Option target="Gauntlet"/>
		</Unit>
		<Unit filename="/home/baudet_q/rendu/CPP/cpp_indie_studio/include/BaseGauntlet.hpp">
			<Option target="Gauntlet"/>
		</Unit>
		<Unit filename="/home/baudet_q/rendu/CPP/cpp_indie_studio/include/Configuration.hpp">
			<Option target="Gauntlet"/>
		</Unit>
		<Unit filename="/home/baudet_q/rendu/CPP/cpp_indie_studio/include/GameCore.hpp">
			<Option target="Gauntlet"/>
		</Unit>
		<Unit filename="/home/baudet_q/rendu/CPP/cpp_indie_studio/include/GameObject/Character/Character.hpp">
			<Option target="Gauntlet"/>
		</Unit>
		<Unit filename="/home/baudet_q/rendu/CPP/cpp_indie_studio/include/GameObject/Character/Npc/Npc.hpp">
			<Option target="Gauntlet"/>
		</Unit>
		<Unit filename="/home/baudet_q/rendu/CPP/cpp_indie_studio/include/GameObject/Character/Npc/Skeleton.hpp">
			<Option target="Gauntlet"/>
		</Unit>
		<Unit filename="/home/baudet_q/rendu/CPP/cpp_indie_studio/include/GameObject/Character/Npc/Spawner.hpp">
			<Option target="Gauntlet"/>
		</Unit>
		<Unit filename="/home/baudet_q/rendu/CPP/cpp_indie_studio/include/GameObject/Character/Npc/Zombie.hpp">
			<Option target="Gauntlet"/>
		</Unit>
		<Unit filename="/home/baudet_q/rendu/CPP/cpp_indie_studio/include/GameObject/Character/Pc/Archer.hpp">
			<Option target="Gauntlet"/>
		</Unit>
		<Unit filename="/home/baudet_q/rendu/CPP/cpp_indie_studio/include/GameObject/Character/Pc/Mage.hpp">
			<Option target="Gauntlet"/>
		</Unit>
		<Unit filename="/home/baudet_q/rendu/CPP/cpp_indie_studio/include/GameObject/Character/Pc/Melee.hpp">
			<Option target="Gauntlet"/>
		</Unit>
		<Unit filename="/home/baudet_q/rendu/CPP/cpp_indie_studio/include/GameObject/Character/Pc/Ranged.hpp">
			<Option target="Gauntlet"/>
		</Unit>
		<Unit filename="/home/baudet_q/rendu/CPP/cpp_indie_studio/include/GameObject/Character/Pc/Tank.hpp">
			<Option target="Gauntlet"/>
		</Unit>
		<Unit filename="/home/baudet_q/rendu/CPP/cpp_indie_studio/include/GameObject/Character/Script.hpp">
			<Option target="Gauntlet"/>
		</Unit>
		<Unit filename="/home/baudet_q/rendu/CPP/cpp_indie_studio/include/GameObject/Doodad/Doodad.hpp">
			<Option target="Gauntlet"/>
		</Unit>
		<Unit filename="/home/baudet_q/rendu/CPP/cpp_indie_studio/include/GameObject/GameObject.hpp">
			<Option target="Gauntlet"/>
		</Unit>
		<Unit filename="/home/baudet_q/rendu/CPP/cpp_indie_studio/include/GameObject/Loot/Loot.hpp">
			<Option target="Gauntlet"/>
		</Unit>
		<Unit filename="/home/baudet_q/rendu/CPP/cpp_indie_studio/include/GameObject/Loot/foodStack.hpp">
			<Option target="Gauntlet"/>
		</Unit>
		<Unit filename="/home/baudet_q/rendu/CPP/cpp_indie_studio/include/GameObject/Loot/goldStack.hpp">
			<Option target="Gauntlet"/>
		</Unit>
		<Unit filename="/home/baudet_q/rendu/CPP/cpp_indie_studio/include/IndieException.hpp">
			<Option target="Gauntlet"/>
		</Unit>
		<Unit filename="/home/baudet_q/rendu/CPP/cpp_indie_studio/include/Input/DeviceManager.hpp">
			<Option target="Gauntlet"/>
		</Unit>
		<Unit filename="/home/baudet_q/rendu/CPP/cpp_indie_studio/include/Input/ParserInputFile.hpp">
			<Option target="Gauntlet"/>
		</Unit>
		<Unit filename="/home/baudet_q/rendu/CPP/cpp_indie_studio/include/Input/eventType.hpp">
			<Option target="Gauntlet"/>
		</Unit>
		<Unit filename="/home/baudet_q/rendu/CPP/cpp_indie_studio/include/Light/light.hpp">
			<Option target="Gauntlet"/>
		</Unit>
		<Unit filename="/home/baudet_q/rendu/CPP/cpp_indie_studio/include/MapManager.hpp">
			<Option target="Gauntlet"/>
		</Unit>
		<Unit filename="/home/baudet_q/rendu/CPP/cpp_indie_studio/include/NewMOC.hpp">
			<Option target="Gauntlet"/>
		</Unit>
		<Unit filename="/home/baudet_q/rendu/CPP/cpp_indie_studio/include/Particle.hpp">
			<Option target="Gauntlet"/>
		</Unit>
		<Unit filename="/home/baudet_q/rendu/CPP/cpp_indie_studio/include/Position.hpp">
			<Option target="Gauntlet"/>
		</Unit>
		<Unit filename="/home/baudet_q/rendu/CPP/cpp_indie_studio/include/RenderManager.hpp">
			<Option target="Gauntlet"/>
		</Unit>
		<Unit filename="/home/baudet_q/rendu/CPP/cpp_indie_studio/include/Score/Score.hpp">
			<Option target="Gauntlet"/>
		</Unit>
		<Unit filename="/home/baudet_q/rendu/CPP/cpp_indie_studio/src/Animation/Animation.cpp">
			<Option target="Gauntlet"/>
		</Unit>
		<Unit filename="/home/baudet_q/rendu/CPP/cpp_indie_studio/src/Audio/Music.cpp">
			<Option target="Gauntlet"/>
		</Unit>
		<Unit filename="/home/baudet_q/rendu/CPP/cpp_indie_studio/src/Audio/SoundSystem.cpp">
			<Option target="Gauntlet"/>
		</Unit>
		<Unit filename="/home/baudet_q/rendu/CPP/cpp_indie_studio/src/BaseGauntlet.cpp">
			<Option target="Gauntlet"/>
		</Unit>
		<Unit filename="/home/baudet_q/rendu/CPP/cpp_indie_studio/src/Configuration.cpp">
			<Option target="Gauntlet"/>
		</Unit>
		<Unit filename="/home/baudet_q/rendu/CPP/cpp_indie_studio/src/GameCore.cpp">
			<Option target="Gauntlet"/>
		</Unit>
		<Unit filename="/home/baudet_q/rendu/CPP/cpp_indie_studio/src/GameObject/Character/Character.cpp">
			<Option target="Gauntlet"/>
		</Unit>
		<Unit filename="/home/baudet_q/rendu/CPP/cpp_indie_studio/src/GameObject/Character/Npc/Boss.cpp">
			<Option target="Gauntlet"/>
		</Unit>
		<Unit filename="/home/baudet_q/rendu/CPP/cpp_indie_studio/src/GameObject/Character/Npc/Npc.cpp">
			<Option target="Gauntlet"/>
		</Unit>
		<Unit filename="/home/baudet_q/rendu/CPP/cpp_indie_studio/src/GameObject/Character/Npc/Skeleton.cpp">
			<Option target="Gauntlet"/>
		</Unit>
		<Unit filename="/home/baudet_q/rendu/CPP/cpp_indie_studio/src/GameObject/Character/Npc/Spawner.cpp">
			<Option target="Gauntlet"/>
		</Unit>
		<Unit filename="/home/baudet_q/rendu/CPP/cpp_indie_studio/src/GameObject/Character/Npc/Zombie.cpp">
			<Option target="Gauntlet"/>
		</Unit>
		<Unit filename="/home/baudet_q/rendu/CPP/cpp_indie_studio/src/GameObject/Character/Pc/Archer.cpp">
			<Option target="Gauntlet"/>
		</Unit>
		<Unit filename="/home/baudet_q/rendu/CPP/cpp_indie_studio/src/GameObject/Character/Pc/Mage.cpp">
			<Option target="Gauntlet"/>
		</Unit>
		<Unit filename="/home/baudet_q/rendu/CPP/cpp_indie_studio/src/GameObject/Character/Pc/Melee.cpp">
			<Option target="Gauntlet"/>
		</Unit>
		<Unit filename="/home/baudet_q/rendu/CPP/cpp_indie_studio/src/GameObject/Character/Pc/Pc.cpp">
			<Option target="Gauntlet"/>
		</Unit>
		<Unit filename="/home/baudet_q/rendu/CPP/cpp_indie_studio/src/GameObject/Character/Pc/Ranged.cpp">
			<Option target="Gauntlet"/>
		</Unit>
		<Unit filename="/home/baudet_q/rendu/CPP/cpp_indie_studio/src/GameObject/Character/Pc/Tank.cpp">
			<Option target="Gauntlet"/>
		</Unit>
		<Unit filename="/home/baudet_q/rendu/CPP/cpp_indie_studio/src/GameObject/Character/Pc/Warrior.cpp">
			<Option target="Gauntlet"/>
		</Unit>
		<Unit filename="/home/baudet_q/rendu/CPP/cpp_indie_studio/src/GameObject/Doodad/Doodad.cpp">
			<Option target="Gauntlet"/>
		</Unit>
		<Unit filename="/home/baudet_q/rendu/CPP/cpp_indie_studio/src/GameObject/GameObject.cpp">
			<Option target="Gauntlet"/>
		</Unit>
		<Unit filename="/home/baudet_q/rendu/CPP/cpp_indie_studio/src/GameObject/Loot/Loot.cpp">
			<Option target="Gauntlet"/>
		</Unit>
		<Unit filename="/home/baudet_q/rendu/CPP/cpp_indie_studio/src/GameObject/Loot/foodStack.cpp">
			<Option target="Gauntlet"/>
		</Unit>
		<Unit filename="/home/baudet_q/rendu/CPP/cpp_indie_studio/src/GameObject/Loot/goldStack.cpp">
			<Option target="Gauntlet"/>
		</Unit>
		<Unit filename="/home/baudet_q/rendu/CPP/cpp_indie_studio/src/IndieException.cpp">
			<Option target="Gauntlet"/>
		</Unit>
		<Unit filename="/home/baudet_q/rendu/CPP/cpp_indie_studio/src/Input/DeviceManager.cpp">
			<Option target="Gauntlet"/>
		</Unit>
		<Unit filename="/home/baudet_q/rendu/CPP/cpp_indie_studio/src/Input/ParserInputFile.cpp">
			<Option target="Gauntlet"/>
		</Unit>
		<Unit filename="/home/baudet_q/rendu/CPP/cpp_indie_studio/src/NewMOC.cpp">
			<Option target="Gauntlet"/>
		</Unit>
		<Unit filename="/home/baudet_q/rendu/CPP/cpp_indie_studio/src/Parsing/MapManager.cpp">
			<Option target="Gauntlet"/>
		</Unit>
		<Unit filename="/home/baudet_q/rendu/CPP/cpp_indie_studio/src/Particle/Particle.cpp">
			<Option target="Gauntlet"/>
		</Unit>
		<Unit filename="/home/baudet_q/rendu/CPP/cpp_indie_studio/src/Position/Position.cpp">
			<Option target="Gauntlet"/>
		</Unit>
		<Unit filename="/home/baudet_q/rendu/CPP/cpp_indie_studio/src/RenderManager.cpp">
			<Option target="Gauntlet"/>
		</Unit>
		<Unit filename="/home/baudet_q/rendu/CPP/cpp_indie_studio/src/Score/Score.cpp">
			<Option target="Gauntlet"/>
		</Unit>
		<Unit filename="/home/baudet_q/rendu/CPP/cpp_indie_studio/src/Script/Script.cpp">
			<Option target="Gauntlet"/>
		</Unit>
		<Unit filename="/home/baudet_q/rendu/CPP/cpp_indie_studio/src/light/Light.cpp">
			<Option target="Gauntlet"/>
		</Unit>
		<Unit filename="/home/baudet_q/rendu/CPP/cpp_indie_studio/src/main.cpp">
			<Option target="Gauntlet"/>
		</Unit>
		<Unit filename="/home/baudet_q/rendu/CPP/cpp_indie_studio/CMakeLists.txt">
			<Option virtualFolder="CMake Files\"/>
		</Unit>
		<Unit filename="/home/baudet_q/rendu/CPP/cpp_indie_studio/../../../../../usr/local/lib/OGRE/cmake/FindOGRE.cmake">
			<Option virtualFolder="CMake Files\..\..\..\..\..\usr\local\lib\OGRE\cmake\"/>
		</Unit>
		<Unit filename="/home/baudet_q/rendu/CPP/cpp_indie_studio/../../../../../usr/local/lib/OGRE/cmake/FindPkgMacros.cmake">
			<Option virtualFolder="CMake Files\..\..\..\..\..\usr\local\lib\OGRE\cmake\"/>
		</Unit>
		<Unit filename="/home/baudet_q/rendu/CPP/cpp_indie_studio/../../../../../usr/local/lib/OGRE/cmake/PreprocessorUtils.cmake">
			<Option virtualFolder="CMake Files\..\..\..\..\..\usr\local\lib\OGRE\cmake\"/>
		</Unit>
		<Unit filename="/home/baudet_q/rendu/CPP/cpp_indie_studio/../../../../../usr/local/lib/OGRE/cmake/FindOIS.cmake">
			<Option virtualFolder="CMake Files\..\..\..\..\..\usr\local\lib\OGRE\cmake\"/>
		</Unit>
		<Unit filename="/home/baudet_q/rendu/CPP/cpp_indie_studio/../../../../../usr/local/lib/OGRE/cmake/FindPkgMacros.cmake">
			<Option virtualFolder="CMake Files\..\..\..\..\..\usr\local\lib\OGRE\cmake\"/>
		</Unit>
	</Project>
</CodeBlocks_project_file>
