<?xml version="1.0" encoding="UTF-8"?>
<CodeBlocks_project_file>
	<FileVersion major="1" minor="6"/>
	<Project>
		<Option title="IndieStudio"/>
		<Option makefile_is_custom="1"/>
		<Option compiler="gcc"/>
		<Option virtualFolders="CMake Files\;CMake Files\..\;CMake Files\..\..\;CMake Files\..\..\..\;CMake Files\..\..\..\..\;CMake Files\..\..\..\..\..\;CMake Files\..\..\..\..\..\usr\;CMake Files\..\..\..\..\..\usr\local\;CMake Files\..\..\..\..\..\usr\local\lib\;CMake Files\..\..\..\..\..\usr\local\lib\OGRE\;CMake Files\..\..\..\..\..\usr\local\lib\OGRE\cmake\;"/>
		<Build>
			<Target title="all">
				<Option working_dir="/home/guillobits/workspace/epitech/cpp_indie_studio"/>
				<Option type="4"/>
				<MakeCommands>
					<Build command="/usr/bin/make -j4 -f &quot;/home/guillobits/workspace/epitech/cpp_indie_studio/Makefile&quot;  VERBOSE=1 all"/>
					<CompileFile command="/usr/bin/make -j4 -f &quot;/home/guillobits/workspace/epitech/cpp_indie_studio/Makefile&quot;  VERBOSE=1 &quot;$file&quot;"/>
					<Clean command="/usr/bin/make -j4 -f &quot;/home/guillobits/workspace/epitech/cpp_indie_studio/Makefile&quot;  VERBOSE=1 clean"/>
					<DistClean command="/usr/bin/make -j4 -f &quot;/home/guillobits/workspace/epitech/cpp_indie_studio/Makefile&quot;  VERBOSE=1 clean"/>
				</MakeCommands>
			</Target>
			<Target title="rebuild_cache">
				<Option working_dir="/home/guillobits/workspace/epitech/cpp_indie_studio"/>
				<Option type="4"/>
				<MakeCommands>
					<Build command="/usr/bin/make -j4 -f &quot;/home/guillobits/workspace/epitech/cpp_indie_studio/Makefile&quot;  VERBOSE=1 rebuild_cache"/>
					<CompileFile command="/usr/bin/make -j4 -f &quot;/home/guillobits/workspace/epitech/cpp_indie_studio/Makefile&quot;  VERBOSE=1 &quot;$file&quot;"/>
					<Clean command="/usr/bin/make -j4 -f &quot;/home/guillobits/workspace/epitech/cpp_indie_studio/Makefile&quot;  VERBOSE=1 clean"/>
					<DistClean command="/usr/bin/make -j4 -f &quot;/home/guillobits/workspace/epitech/cpp_indie_studio/Makefile&quot;  VERBOSE=1 clean"/>
				</MakeCommands>
			</Target>
			<Target title="edit_cache">
				<Option working_dir="/home/guillobits/workspace/epitech/cpp_indie_studio"/>
				<Option type="4"/>
				<MakeCommands>
					<Build command="/usr/bin/make -j4 -f &quot;/home/guillobits/workspace/epitech/cpp_indie_studio/Makefile&quot;  VERBOSE=1 edit_cache"/>
					<CompileFile command="/usr/bin/make -j4 -f &quot;/home/guillobits/workspace/epitech/cpp_indie_studio/Makefile&quot;  VERBOSE=1 &quot;$file&quot;"/>
					<Clean command="/usr/bin/make -j4 -f &quot;/home/guillobits/workspace/epitech/cpp_indie_studio/Makefile&quot;  VERBOSE=1 clean"/>
					<DistClean command="/usr/bin/make -j4 -f &quot;/home/guillobits/workspace/epitech/cpp_indie_studio/Makefile&quot;  VERBOSE=1 clean"/>
				</MakeCommands>
			</Target>
			<Target title="IndieStudio">
				<Option output="/home/guillobits/workspace/epitech/cpp_indie_studio/IndieStudio" prefix_auto="0" extension_auto="0"/>
				<Option working_dir="/home/guillobits/workspace/epitech/cpp_indie_studio"/>
				<Option object_output="./"/>
				<Option type="1"/>
				<Option compiler="gcc"/>
				<Compiler>
					<Add directory="/usr/share/OGRE/Samples/Common/include"/>
					<Add directory="/usr/local/include/OGRE"/>
					<Add directory="/usr/local/include/OGRE/Bites"/>
					<Add directory="/usr/include/SDL2"/>
					<Add directory="/usr/local/include/OGRE/HLMS"/>
					<Add directory="/usr/local/include/OGRE/MeshLodGenerator"/>
					<Add directory="/usr/local/include/OGRE/Overlay"/>
					<Add directory="/usr/local/include/OGRE/Paging"/>
					<Add directory="/usr/local/include/OGRE/Property"/>
					<Add directory="/usr/local/include/OGRE/RTShaderSystem"/>
					<Add directory="/usr/local/include/OGRE/Terrain"/>
					<Add directory="/usr/local/include/OGRE/Volume"/>
					<Add directory="/usr/lib/gcc/x86_64-pc-linux-gnu/6.3.1/../../../../include/c++/6.3.1"/>
					<Add directory="/usr/lib/gcc/x86_64-pc-linux-gnu/6.3.1/../../../../include/c++/6.3.1/x86_64-pc-linux-gnu"/>
					<Add directory="/usr/lib/gcc/x86_64-pc-linux-gnu/6.3.1/../../../../include/c++/6.3.1/backward"/>
					<Add directory="/usr/lib/gcc/x86_64-pc-linux-gnu/6.3.1/include"/>
					<Add directory="/usr/local/include"/>
					<Add directory="/usr/lib/gcc/x86_64-pc-linux-gnu/6.3.1/include-fixed"/>
					<Add directory="/usr/include"/>
				</Compiler>
				<MakeCommands>
					<Build command="/usr/bin/make -j4 -f &quot;/home/guillobits/workspace/epitech/cpp_indie_studio/Makefile&quot;  VERBOSE=1 IndieStudio"/>
					<CompileFile command="/usr/bin/make -j4 -f &quot;/home/guillobits/workspace/epitech/cpp_indie_studio/Makefile&quot;  VERBOSE=1 &quot;$file&quot;"/>
					<Clean command="/usr/bin/make -j4 -f &quot;/home/guillobits/workspace/epitech/cpp_indie_studio/Makefile&quot;  VERBOSE=1 clean"/>
					<DistClean command="/usr/bin/make -j4 -f &quot;/home/guillobits/workspace/epitech/cpp_indie_studio/Makefile&quot;  VERBOSE=1 clean"/>
				</MakeCommands>
			</Target>
			<Target title="IndieStudio/fast">
				<Option output="/home/guillobits/workspace/epitech/cpp_indie_studio/IndieStudio" prefix_auto="0" extension_auto="0"/>
				<Option working_dir="/home/guillobits/workspace/epitech/cpp_indie_studio"/>
				<Option object_output="./"/>
				<Option type="1"/>
				<Option compiler="gcc"/>
				<Compiler>
					<Add directory="/usr/share/OGRE/Samples/Common/include"/>
					<Add directory="/usr/local/include/OGRE"/>
					<Add directory="/usr/local/include/OGRE/Bites"/>
					<Add directory="/usr/include/SDL2"/>
					<Add directory="/usr/local/include/OGRE/HLMS"/>
					<Add directory="/usr/local/include/OGRE/MeshLodGenerator"/>
					<Add directory="/usr/local/include/OGRE/Overlay"/>
					<Add directory="/usr/local/include/OGRE/Paging"/>
					<Add directory="/usr/local/include/OGRE/Property"/>
					<Add directory="/usr/local/include/OGRE/RTShaderSystem"/>
					<Add directory="/usr/local/include/OGRE/Terrain"/>
					<Add directory="/usr/local/include/OGRE/Volume"/>
					<Add directory="/usr/lib/gcc/x86_64-pc-linux-gnu/6.3.1/../../../../include/c++/6.3.1"/>
					<Add directory="/usr/lib/gcc/x86_64-pc-linux-gnu/6.3.1/../../../../include/c++/6.3.1/x86_64-pc-linux-gnu"/>
					<Add directory="/usr/lib/gcc/x86_64-pc-linux-gnu/6.3.1/../../../../include/c++/6.3.1/backward"/>
					<Add directory="/usr/lib/gcc/x86_64-pc-linux-gnu/6.3.1/include"/>
					<Add directory="/usr/local/include"/>
					<Add directory="/usr/lib/gcc/x86_64-pc-linux-gnu/6.3.1/include-fixed"/>
					<Add directory="/usr/include"/>
				</Compiler>
				<MakeCommands>
					<Build command="/usr/bin/make -j4 -f &quot;/home/guillobits/workspace/epitech/cpp_indie_studio/Makefile&quot;  VERBOSE=1 IndieStudio/fast"/>
					<CompileFile command="/usr/bin/make -j4 -f &quot;/home/guillobits/workspace/epitech/cpp_indie_studio/Makefile&quot;  VERBOSE=1 &quot;$file&quot;"/>
					<Clean command="/usr/bin/make -j4 -f &quot;/home/guillobits/workspace/epitech/cpp_indie_studio/Makefile&quot;  VERBOSE=1 clean"/>
					<DistClean command="/usr/bin/make -j4 -f &quot;/home/guillobits/workspace/epitech/cpp_indie_studio/Makefile&quot;  VERBOSE=1 clean"/>
				</MakeCommands>
			</Target>
		</Build>
		<Unit filename="/home/guillobits/workspace/epitech/cpp_indie_studio/main.cpp">
			<Option target="IndieStudio"/>
		</Unit>
		<Unit filename="/home/guillobits/workspace/epitech/cpp_indie_studio/CMakeLists.txt">
			<Option virtualFolder="CMake Files\"/>
		</Unit>
		<Unit filename="/home/guillobits/workspace/epitech/cpp_indie_studio/../../../../../usr/local/lib/OGRE/cmake/OGREConfigVersion.cmake">
			<Option virtualFolder="CMake Files\..\..\..\..\..\usr\local\lib\OGRE\cmake\"/>
		</Unit>
		<Unit filename="/home/guillobits/workspace/epitech/cpp_indie_studio/../../../../../usr/local/lib/OGRE/cmake/OGREConfig.cmake">
			<Option virtualFolder="CMake Files\..\..\..\..\..\usr\local\lib\OGRE\cmake\"/>
		</Unit>
	</Project>
</CodeBlocks_project_file>
